
Microsoft Visual Studio Solution File, Format Version 11.00
# Visual Studio 2010
Project("{FAE04EC0-301F-11D3-BF4B-00C04F79EFBC}") = "MvcEmeTools", "mvc3\MvcEmeTools\MvcEmeTools.csproj", "{08326461-5B08-4919-ACC7-97FF92E0AA5E}"
EndProject
Project("{FAE04EC0-301F-11D3-BF4B-00C04F79EFBC}") = "Dominio", "Dominio\Dominio.csproj", "{18CC4A88-EB01-447F-98F7-BDF2DA4233AE}"
EndProject
Project("{FAE04EC0-301F-11D3-BF4B-00C04F79EFBC}") = "JsonHelper", "RepositorioJson\JsonHelper.csproj", "{FD6615C1-4775-4886-A16D-51CFBCEDF1BD}"
EndProject
Project("{FAE04EC0-301F-11D3-BF4B-00C04F79EFBC}") = "RepositorioArquivoTexto", "RepositorioArquivoTexto\RepositorioArquivoTexto.csproj", "{21151C4D-BAB8-4D3A-852B-8721ADC180CD}"
EndProject
Project("{FAE04EC0-301F-11D3-BF4B-00C04F79EFBC}") = "Dominio.Test", "Dominio.Test\Dominio.Test.csproj", "{7A7986A5-E826-4FF9-A296-866785998D0E}"
EndProject
Project("{2150E333-8FDC-42A3-9474-1A3956D46DE8}") = "Test", "Test", "{42FE2B2F-2301-4B22-A162-248CDCE58F57}"
EndProject
Global
	GlobalSection(SolutionConfigurationPlatforms) = preSolution
		Debug|Any CPU = Debug|Any CPU
		Release|Any CPU = Release|Any CPU
	EndGlobalSection
	GlobalSection(ProjectConfigurationPlatforms) = postSolution
		{08326461-5B08-4919-ACC7-97FF92E0AA5E}.Debug|Any CPU.ActiveCfg = Debug|Any CPU
		{08326461-5B08-4919-ACC7-97FF92E0AA5E}.Debug|Any CPU.Build.0 = Debug|Any CPU
		{08326461-5B08-4919-ACC7-97FF92E0AA5E}.Release|Any CPU.ActiveCfg = Release|Any CPU
		{08326461-5B08-4919-ACC7-97FF92E0AA5E}.Release|Any CPU.Build.0 = Release|Any CPU
		{18CC4A88-EB01-447F-98F7-BDF2DA4233AE}.Debug|Any CPU.ActiveCfg = Debug|Any CPU
		{18CC4A88-EB01-447F-98F7-BDF2DA4233AE}.Debug|Any CPU.Build.0 = Debug|Any CPU
		{18CC4A88-EB01-447F-98F7-BDF2DA4233AE}.Release|Any CPU.ActiveCfg = Release|Any CPU
		{18CC4A88-EB01-447F-98F7-BDF2DA4233AE}.Release|Any CPU.Build.0 = Release|Any CPU
		{FD6615C1-4775-4886-A16D-51CFBCEDF1BD}.Debug|Any CPU.ActiveCfg = Debug|Any CPU
		{FD6615C1-4775-4886-A16D-51CFBCEDF1BD}.Debug|Any CPU.Build.0 = Debug|Any CPU
		{FD6615C1-4775-4886-A16D-51CFBCEDF1BD}.Release|Any CPU.ActiveCfg = Release|Any CPU
		{FD6615C1-4775-4886-A16D-51CFBCEDF1BD}.Release|Any CPU.Build.0 = Release|Any CPU
		{21151C4D-BAB8-4D3A-852B-8721ADC180CD}.Debug|Any CPU.ActiveCfg = Debug|Any CPU
		{21151C4D-BAB8-4D3A-852B-8721ADC180CD}.Debug|Any CPU.Build.0 = Debug|Any CPU
		{21151C4D-BAB8-4D3A-852B-8721ADC180CD}.Release|Any CPU.ActiveCfg = Release|Any CPU
		{21151C4D-BAB8-4D3A-852B-8721ADC180CD}.Release|Any CPU.Build.0 = Release|Any CPU
		{7A7986A5-E826-4FF9-A296-866785998D0E}.Debug|Any CPU.ActiveCfg = Debug|Any CPU
		{7A7986A5-E826-4FF9-A296-866785998D0E}.Debug|Any CPU.Build.0 = Debug|Any CPU
		{7A7986A5-E826-4FF9-A296-866785998D0E}.Release|Any CPU.ActiveCfg = Release|Any CPU
		{7A7986A5-E826-4FF9-A296-866785998D0E}.Release|Any CPU.Build.0 = Release|Any CPU
	EndGlobalSection
	GlobalSection(SolutionProperties) = preSolution
		HideSolutionNode = FALSE
	EndGlobalSection
	GlobalSection(NestedProjects) = preSolution
		{7A7986A5-E826-4FF9-A296-866785998D0E} = {42FE2B2F-2301-4B22-A162-248CDCE58F57}
	EndGlobalSection
EndGlobal
